
Microsoft Visual Studio Solution File, Format Version 12.00
# Visual Studio Version 17
VisualStudioVersion = 17.11.35312.102
MinimumVisualStudioVersion = 10.0.40219.1
Project("{FAE04EC0-301F-11D3-BF4B-00C04F79EFBC}") = "AppLista_JPMR", "AppLista_JPMR.csproj", "{EE94FBE9-57EC-4ABB-8162-43E336038E5D}"
EndProject
Project("{2150E333-8FDC-42A3-9474-1A3956D46DE8}") = "Elementos de la solución", "Elementos de la solución", "{DDAF2861-BA6D-4902-8F1B-CF4024614E4F}"
EndProject
Global
	GlobalSection(SolutionConfigurationPlatforms) = preSolution
		Debug|Any CPU = Debug|Any CPU
		Release|Any CPU = Release|Any CPU
	EndGlobalSection
	GlobalSection(ProjectConfigurationPlatforms) = postSolution
		{EE94FBE9-57EC-4ABB-8162-43E336038E5D}.Debug|Any CPU.ActiveCfg = Debug|Any CPU
		{EE94FBE9-57EC-4ABB-8162-43E336038E5D}.Debug|Any CPU.Build.0 = Debug|Any CPU
		{EE94FBE9-57EC-4ABB-8162-43E336038E5D}.Release|Any CPU.ActiveCfg = Release|Any CPU
		{EE94FBE9-57EC-4ABB-8162-43E336038E5D}.Release|Any CPU.Build.0 = Release|Any CPU
	EndGlobalSection
	GlobalSection(SolutionProperties) = preSolution
		HideSolutionNode = FALSE
	EndGlobalSection
	GlobalSection(ExtensibilityGlobals) = postSolution
		SolutionGuid = {AFBC118F-993E-4D7C-889A-ED15CA600BF4}
	EndGlobalSection
EndGlobal
